
Microsoft Visual Studio Solution File, Format Version 12.00
# Visual Studio Version 16
VisualStudioVersion = 16.0.30204.135
MinimumVisualStudioVersion = 10.0.40219.1
Project("{FAE04EC0-301F-11D3-BF4B-00C04F79EFBC}") = "GrpcDemo", "GrpcDemo\GrpcDemo.csproj", "{1F649A65-557E-465B-AA07-3D5939B2D4D1}"
EndProject
Project("{FAE04EC0-301F-11D3-BF4B-00C04F79EFBC}") = "GrpcClient", "GrpcClient\GrpcClient.csproj", "{7A702E67-904E-4DEC-A69B-52AACD303649}"
EndProject
Global
	GlobalSection(SolutionConfigurationPlatforms) = preSolution
		Debug|Any CPU = Debug|Any CPU
		Release|Any CPU = Release|Any CPU
	EndGlobalSection
	GlobalSection(ProjectConfigurationPlatforms) = postSolution
		{1F649A65-557E-465B-AA07-3D5939B2D4D1}.Debug|Any CPU.ActiveCfg = Debug|Any CPU
		{1F649A65-557E-465B-AA07-3D5939B2D4D1}.Debug|Any CPU.Build.0 = Debug|Any CPU
		{1F649A65-557E-465B-AA07-3D5939B2D4D1}.Release|Any CPU.ActiveCfg = Release|Any CPU
		{1F649A65-557E-465B-AA07-3D5939B2D4D1}.Release|Any CPU.Build.0 = Release|Any CPU
		{7A702E67-904E-4DEC-A69B-52AACD303649}.Debug|Any CPU.ActiveCfg = Debug|Any CPU
		{7A702E67-904E-4DEC-A69B-52AACD303649}.Debug|Any CPU.Build.0 = Debug|Any CPU
		{7A702E67-904E-4DEC-A69B-52AACD303649}.Release|Any CPU.ActiveCfg = Release|Any CPU
		{7A702E67-904E-4DEC-A69B-52AACD303649}.Release|Any CPU.Build.0 = Release|Any CPU
	EndGlobalSection
	GlobalSection(SolutionProperties) = preSolution
		HideSolutionNode = FALSE
	EndGlobalSection
	GlobalSection(ExtensibilityGlobals) = postSolution
		SolutionGuid = {47C6E179-AE19-4FFF-A5FF-11FED3BF00CA}
	EndGlobalSection
EndGlobal
