
Microsoft Visual Studio Solution File, Format Version 12.00
# Visual Studio Version 16
VisualStudioVersion = 16.0.30204.135
MinimumVisualStudioVersion = 10.0.40219.1
Project("{9A19103F-16F7-4668-BE54-9A1E7A4F7556}") = "GrpcUsersService", "GrpcUsersService\GrpcUsersService.csproj", "{9F953405-A398-40D4-A0B5-D0DFF6114FB3}"
EndProject
Project("{9A19103F-16F7-4668-BE54-9A1E7A4F7556}") = "GrpcUsersClient", "GrpcUsersClient\GrpcUsersClient.csproj", "{CAB619ED-76C8-4A46-991E-958E68F3CB08}"
EndProject
Global
	GlobalSection(SolutionConfigurationPlatforms) = preSolution
		Debug|Any CPU = Debug|Any CPU
		Release|Any CPU = Release|Any CPU
	EndGlobalSection
	GlobalSection(ProjectConfigurationPlatforms) = postSolution
		{9F953405-A398-40D4-A0B5-D0DFF6114FB3}.Debug|Any CPU.ActiveCfg = Debug|Any CPU
		{9F953405-A398-40D4-A0B5-D0DFF6114FB3}.Debug|Any CPU.Build.0 = Debug|Any CPU
		{9F953405-A398-40D4-A0B5-D0DFF6114FB3}.Release|Any CPU.ActiveCfg = Release|Any CPU
		{9F953405-A398-40D4-A0B5-D0DFF6114FB3}.Release|Any CPU.Build.0 = Release|Any CPU
		{CAB619ED-76C8-4A46-991E-958E68F3CB08}.Debug|Any CPU.ActiveCfg = Debug|Any CPU
		{CAB619ED-76C8-4A46-991E-958E68F3CB08}.Debug|Any CPU.Build.0 = Debug|Any CPU
		{CAB619ED-76C8-4A46-991E-958E68F3CB08}.Release|Any CPU.ActiveCfg = Release|Any CPU
		{CAB619ED-76C8-4A46-991E-958E68F3CB08}.Release|Any CPU.Build.0 = Release|Any CPU
	EndGlobalSection
	GlobalSection(SolutionProperties) = preSolution
		HideSolutionNode = FALSE
	EndGlobalSection
	GlobalSection(ExtensibilityGlobals) = postSolution
		SolutionGuid = {99130012-C668-41A6-A59D-500A06000ECA}
	EndGlobalSection
EndGlobal
